{
  "pinsss" : [
    {
      "identity" : "acedrawingview",
      "kind" : "remoteSourceControl",
      "location" : "https://github.com/acerbetti/ACEDrawingView.git",
      "state" : {
        "revision" : "47f3bce4a4d0756ed833f57ec093281369ad3bff",
        "version" : "2.5.0"
      }
    },
    {
      "identity" : "actors_ios",
      "kind" : "remoteSourceControl",
      "location" : "git@git.ouryahoo.com:ymobilelibs/actors_ios.git",
      "state" : {
        "revision" : "eb56d49558c35dd13a6cdcecd6e7fcb277d3f7bf",
        "version" : "1.3.1"
      }
    },
    {
      "identity" : "ads_ios",
      "kind" : "remoteSourceControl",
      "location" : "git@git.ouryahoo.com:ymobilelibs/ads_ios.git",
      "state" : {
        "revision" : "1740f48bb7fa6d966d06ade5e18164934aff5d44",
        "version" : "9.15.1"
      }
    },
    {
      "identity" : "alamofire",
      "kind" : "remoteSourceControl",
      "location" : "https://github.com/Alamofire/Alamofire",
      "state" : {
        "revision" : "78424be314842833c04bc3bef5b72e85fff99204",
        "version" : "5.6.4"
      }
    },
    {
      "identity" : "appauth-ios",
      "kind" : "remoteSourceControl",
      "location" : "https://github.com/openid/AppAuth-iOS.git",
      "state" : {
        "revision" : "3d36a58a2b736f7bc499453e996a704929b25080",
        "version" : "1.6.0"
      }
    },
    {
      "identity" : "articlekit",
      "kind" : "remoteSourceControl",
      "location" : "git@git.ouryahoo.com:MobileCommon/ArticleKit.git",
      "state" : {
        "revision" : "a0e0b6cf7e4206ef4d8cd650b0dcd9ca4f84134d",
        "version" : "4.32.0"
      }
    },
    {
      "identity" : "bcookie_provider_ios",
      "kind" : "remoteSourceControl",
      "location" : "git@git.ouryahoo.com:i13n/bcookie_provider_ios.git",
      "state" : {
        "revision" : "3925a66faad9e3cfcaa4ac249d45ffbedb981ac1",
        "version" : "4.15.0"
      }
    },
    {
      "identity" : "bemcheckbox",
      "kind" : "remoteSourceControl",
      "location" : "https://github.com/Boris-Em/BEMCheckBox.git",
      "state" : {
        "revision" : "a3292ebae9f0c2737b0c90281219dced2ce51ac8"
      }
    },
    {
      "identity" : "bullseye-ios",
      "kind" : "remoteSourceControl",
      "location" : "git@git.ouryahoo.com:mobile-platforms/bullseye-ios.git",
      "state" : {
        "revision" : "74a0719ccc34198c83e4efcc7c07e9f91a03d7fe",
        "version" : "1.6.0"
      }
    },
    {
      "identity" : "commentkit",
      "kind" : "remoteSourceControl",
      "location" : "git@git.ouryahoo.com:MobileCommon/CommentKit.git",
      "state" : {
        "revision" : "78a761022f9fcee22e832dcd0e1c91af23641b1e",
        "version" : "1.23.0"
      }
    },
    {
      "identity" : "comscore-swift-package-manager",
      "kind" : "remoteSourceControl",
      "location" : "https://github.com/comScore/Comscore-Swift-Package-Manager.git",
      "state" : {
        "revision" : "7e3c521ad689b0e2bbf5cfb62e19c9e1619feae2",
        "version" : "6.10.0"
      }
    },
    {
      "identity" : "dbghtmlentities",
      "kind" : "remoteSourceControl",
      "location" : "https://github.com/dbgrandi/DBGHTMLEntities.git",
      "state" : {
        "revision" : "8b112d151dfc8823d24d2fae0822597e0e0f21f3",
        "version" : "1.2.0"
      }
    },
    {
      "identity" : "doubleplay_ios_stream",
      "kind" : "remoteSourceControl",
      "location" : "git@git.ouryahoo.com:ymobilelibs/doubleplay_ios_stream.git",
      "state" : {
        "revision" : "59d93f39e8d9bd6a59c3c0cc4937070806930421",
        "version" : "11.11.0"
      }
    },
    {
      "identity" : "ecbasewebview",
      "kind" : "remoteSourceControl",
      "location" : "git@git.ouryahoo.com:EC-Mobile/ECBaseWebView.git",
      "state" : {
        "revision" : "914c872b8c6bfda61ce49e6135de0944a2867910",
        "version" : "4.7.0"
      }
    },
    {
      "identity" : "embrace-spm",
      "kind" : "remoteSourceControl",
      "location" : "https://github.com/embrace-io/embrace-spm",
      "state" : {
        "revision" : "ab2de3e50dfd60abedae6538c5ea029d52ccd376",
        "version" : "5.14.1"
      }
    },
    {
      "identity" : "feedback_ios",
      "kind" : "remoteSourceControl",
      "location" : "git@git.ouryahoo.com:ymobilelibs/feedback_ios.git",
      "state" : {
        "revision" : "b137556c34dd975f47126330317cdf89212419fc",
        "version" : "1.20.0"
      }
    },
    {
      "identity" : "flurryadssdk-ios",
      "kind" : "remoteSourceControl",
      "location" : "git@git.ouryahoo.com:ymobilelibs/FlurryAdsSdk-iOS.git",
      "state" : {
        "revision" : "c5a3691a045a92f6c8043cddab43b2b40c92b716",
        "version" : "2.6.2"
      }
    },
    {
      "identity" : "foundationsdk",
      "kind" : "remoteSourceControl",
      "location" : "git@git.ouryahoo.com:membership-lib/FoundationSDK.git",
      "state" : {
        "revision" : "6673e7b1c4eb1f88b9c0ecce75b1e86965ca9d0d",
        "version" : "0.19.0"
      }
    },
    {
      "identity" : "fujidesigncommon-ios",
      "kind" : "remoteSourceControl",
      "location" : "git@git.ouryahoo.com:ymobilelibs/FujiDesignCommon-iOS.git",
      "state" : {
        "revision" : "ecfdb71003dd2cfac89a9609470fc95ab6dceb79",
        "version" : "3.13.0"
      }
    },
    {
      "identity" : "installattribution_ios",
      "kind" : "remoteSourceControl",
      "location" : "git@git.ouryahoo.com:ymobilelibs/installattribution_ios.git",
      "state" : {
        "revision" : "63c115203d1a87ca42d034232bd69a8ed7df233c",
        "version" : "0.12.0"
      }
    },
    {
      "identity" : "ios-snapshot-test-case",
      "kind" : "remoteSourceControl",
      "location" : "https://github.com/uber/ios-snapshot-test-case.git",
      "state" : {
        "revision" : "6743a701c996d8aa249e1acfbcb4fa7af4365ea6",
        "version" : "7.0.0"
      }
    },
    {
      "identity" : "jrswizzle-swiftpm",
      "kind" : "remoteSourceControl",
      "location" : "git@git.ouryahoo.com:ymobilelibs/jrswizzle-SwiftPM.git",
      "state" : {
        "revision" : "f017d1c8aa8aa3fdfcab8450a9ada09e35d6a04d",
        "version" : "1.1.0"
      }
    },
    {
      "identity" : "kryptoknight-ios",
      "kind" : "remoteSourceControl",
      "location" : "git@git.ouryahoo.com:mobile-platforms/kryptoknight-ios.git",
      "state" : {
        "revision" : "5a104d4d87fbb143961c560a92630efc32419d42",
        "version" : "0.11.0"
      }
    },
    {
      "identity" : "lottie-ios",
      "kind" : "remoteSourceControl",
      "location" : "https://github.com/airbnb/lottie-ios.git",
      "state" : {
        "revision" : "b4bd0604ded9574807f41b4004b57dd1226a30a4",
        "version" : "3.5.0"
      }
    },
    {
      "identity" : "mantlelegacy-swiftpm",
      "kind" : "remoteSourceControl",
      "location" : "git@git.ouryahoo.com:ymobilelibs/MantleLegacy-SwiftPM.git",
      "state" : {
        "revision" : "4751f4762dd380e4253d420ab63d233bc16e2903",
        "version" : "1.5.8"
      }
    },
    {
      "identity" : "mbprogresshud",
      "kind" : "remoteSourceControl",
      "location" : "https://github.com/matej/MBProgressHUD.git",
      "state" : {
        "revision" : "bca42b801100b2b3a4eda0ba8dd33d858c780b0d",
        "version" : "1.2.0"
      }
    },
    {
      "identity" : "modulekit",
      "kind" : "remoteSourceControl",
      "location" : "git@git.ouryahoo.com:MobileCommon/ModuleKit.git",
      "state" : {
        "revision" : "f0e00bd8931ec54e8bee9d4a9e0dce62b5724b4a",
        "version" : "1.13.0"
      }
    },
    {
      "identity" : "notification_ios",
      "kind" : "remoteSourceControl",
      "location" : "git@git.ouryahoo.com:ymobilelibs/notification_ios.git",
      "state" : {
        "revision" : "0765a91c02205b2fddde16f3c17a24d9101701e8",
        "version" : "1.1.1"
      }
    },
    {
      "identity" : "oathanalytics_ios",
      "kind" : "remoteSourceControl",
      "location" : "git@git.ouryahoo.com:ymobilelibs/oathanalytics_ios.git",
      "state" : {
        "revision" : "1eb551e577d39255efd186ea6592cc44289fae9b",
        "version" : "5.17.0"
      }
    },
    {
      "identity" : "oathutils_ios",
      "kind" : "remoteSourceControl",
      "location" : "git@git.ouryahoo.com:mobile-platforms/oathutils_ios.git",
      "state" : {
        "revision" : "192d1a106dc7aa41b1a8c154f06cedb00c867ec3",
        "version" : "1.3.0"
      }
    },
    {
      "identity" : "obisubscriptions_ios",
      "kind" : "remoteSourceControl",
      "location" : "git@git.ouryahoo.com:OATH-COMMERCE/obisubscriptions_ios.git",
      "state" : {
        "revision" : "b0ef47e68cc59739e7d5c6fa2cbd47d92d0abcb1",
        "version" : "10.6.7"
      }
    },
    {
      "identity" : "ohhttpstubs",
      "kind" : "remoteSourceControl",
      "location" : "https://github.com/AliSoftware/OHHTTPStubs.git",
      "state" : {
        "revision" : "12f19662426d0434d6c330c6974d53e2eb10ecd9",
        "version" : "9.1.0"
      }
    },
    {
      "identity" : "omghttpurlrq",
      "kind" : "remoteSourceControl",
      "location" : "https://github.com/mxcl/OMGHTTPURLRQ.git",
      "state" : {
        "revision" : "d3781339560d47a9e5cb9e70a81dc16b2d291edc",
        "version" : "3.3.0"
      }
    },
    {
      "identity" : "openssl",
      "kind" : "remoteSourceControl",
      "location" : "git@git.ouryahoo.com:ymobilemonorepo/OpenSSL.git",
      "state" : {
        "revision" : "9768ae393fc7a8e12b95eece099b239dc5aeb2ee",
        "version" : "1.1.1900"
      }
    },
    {
      "identity" : "override",
      "kind" : "remoteSourceControl",
      "location" : "https://github.com/Yahoo/Override.git",
      "state" : {
        "revision" : "6880878d0e1fc90c80f416f2988cc4ee5ce3b7f3",
        "version" : "2.5.0"
      }
    },
    {
      "identity" : "phoenix-ios",
      "kind" : "remoteSourceControl",
      "location" : "git@git.ouryahoo.com:mobile-platforms/phoenix-ios.git",
      "state" : {
        "revision" : "3c63b797fd6d9e34760ecf01f7d1a29e7d46590b",
        "version" : "6.35.0"
      }
    },
    {
      "identity" : "pincushion",
      "kind" : "remoteSourceControl",
      "location" : "git@git.ouryahoo.com:ymobilelibs/Pincushion.git",
      "state" : {
        "revision" : "007e79e20ab2982c75694d87ea96d13df28bd1a8",
        "version" : "4.2.1"
      }
    },
    {
      "identity" : "platforms-config-ios",
      "kind" : "remoteSourceControl",
      "location" : "git@git.ouryahoo.com:mobile-platforms/platforms-config-ios.git",
      "state" : {
        "revision" : "dbb3fa3b6264565e9a14d34d0ef61b88347f26cf",
        "version" : "2.6.0"
      }
    },
    {
      "identity" : "privacy-ios",
      "kind" : "remoteSourceControl",
      "location" : "git@git.ouryahoo.com:mobile-platforms/privacy-ios.git",
      "state" : {
        "revision" : "6e8402c859b96feeb07db41e583290ed4be522e1",
        "version" : "3.2.0"
      }
    },
    {
      "identity" : "reachability-swiftpm",
      "kind" : "remoteSourceControl",
      "location" : "git@git.ouryahoo.com:ymobilelibs/Reachability-SwiftPM.git",
      "state" : {
        "revision" : "25f0b4a6081f10aee99f61a0bd15a88958acc9b6",
        "version" : "3.2.0"
      }
    },
    {
      "identity" : "relatedstoriesmodule",
      "kind" : "remoteSourceControl",
      "location" : "git@git.ouryahoo.com:MobileCommon/RelatedStoriesModule.git",
      "state" : {
        "revision" : "6423a0e9474a325a9d05f0a6565f4586d4743cb2",
        "version" : "1.12.0"
      }
    },
    {
      "identity" : "rxswift",
      "kind" : "remoteSourceControl",
      "location" : "https://github.com/ReactiveX/RxSwift.git",
      "state" : {
        "revision" : "b4307ba0b6425c0ba4178e138799946c3da594f8",
        "version" : "6.5.0"
      }
    },
    {
      "identity" : "sdwebimage",
      "kind" : "remoteSourceControl",
      "location" : "https://github.com/SDWebImage/SDWebImage.git",
      "state" : {
        "revision" : "6c6b951845a520fa7e8356e28adb5339c0f008d3",
        "version" : "5.15.0"
      }
    },
    {
      "identity" : "settingsmodule",
      "kind" : "remoteSourceControl",
      "location" : "git@git.ouryahoo.com:MobileCommon/SettingsModule.git",
      "state" : {
        "revision" : "88d25e99b12a5fa9e6a77210854fa3a0aba3ae2c",
        "version" : "1.5.0"
      }
    },
    {
      "identity" : "shadowfax-ios",
      "kind" : "remoteSourceControl",
      "location" : "git@git.ouryahoo.com:MobileCommon/shadowfax-ios.git",
      "state" : {
        "revision" : "6988dfd89ef611aacba3e84dfb1e9db9102646a0",
        "version" : "1.37.0"
      }
    },
    {
      "identity" : "shimmer-swiftpm",
      "kind" : "remoteSourceControl",
      "location" : "git@git.ouryahoo.com:ymobilelibs/Shimmer-SwiftPM.git",
      "state" : {
        "revision" : "ca59ac589714137daa3c6cda049e64582b3978fe",
        "version" : "1.0.2"
      }
    },
    {
      "identity" : "sponsoredmoments-pod-ios",
      "kind" : "remoteSourceControl",
      "location" : "git@git.ouryahoo.com:monetization/sponsoredmoments-pod-ios.git",
      "state" : {
        "revision" : "bfd29ee865b2d268de5f3b30a62816d07bbea173",
        "version" : "6.37.0"
      }
    },
    {
      "identity" : "spotim-ios-sdk-pod",
      "kind" : "remoteSourceControl",
      "location" : "https://github.com/SpotIM/spotim-ios-sdk-pod.git",
      "state" : {
        "revision" : "3845dbebce4667165c78bad3f50da0388f6a1809"
      }
    },
    {
      "identity" : "sqlite.swift",
      "kind" : "remoteSourceControl",
      "location" : "https://github.com/stephencelis/SQLite.swift.git",
      "state" : {
        "revision" : "7a2e3cd27de56f6d396e84f63beefd0267b55ccb",
        "version" : "0.14.1"
      }
    },
    {
      "identity" : "starscream",
      "kind" : "remoteSourceControl",
      "location" : "https://github.com/daltoniam/Starscream.git",
      "state" : {
        "revision" : "df8d82047f6654d8e4b655d1b1525c64e1059d21",
        "version" : "4.0.4"
      }
    },
    {
      "identity" : "swift-protobuf",
      "kind" : "remoteSourceControl",
      "location" : "https://github.com/apple/swift-protobuf.git",
      "state" : {
        "revision" : "ab3a58b7209a17d781c0d1dbb3e1ff3da306bae8",
        "version" : "1.20.3"
      }
    },
    {
      "identity" : "tdoauth",
      "kind" : "remoteSourceControl",
      "location" : "https://github.com/yahoo/TDOAuth.git",
      "state" : {
        "revision" : "4974830eeaeb1561b55674bbcc7ad6a7bd76ecf0",
        "version" : "1.6.3"
      }
    },
    {
      "identity" : "trustkit",
      "kind" : "remoteSourceControl",
      "location" : "https://github.com/datatheorem/TrustKit.git",
      "state" : {
        "revision" : "714fd3fcdcada5b107d91bf6caaaefb00f792730",
        "version" : "1.6.5"
      }
    },
    {
      "identity" : "verizonmediafinancequotemodule",
      "kind" : "remoteSourceControl",
      "location" : "git@git.ouryahoo.com:YahooFinanceMobile/VerizonMediaFinanceQuoteModule.git",
      "state" : {
        "revision" : "7b791837b9674654c0ab1ce407c6b534b5a7b80c",
        "version" : "1.9.1"
      }
    },
    {
      "identity" : "verizonmediagrowth-ios",
      "kind" : "remoteSourceControl",
      "location" : "git@git.ouryahoo.com:monetization/VerizonMediaGrowth-iOS.git",
      "state" : {
        "revision" : "edb0bcadf2d87201da65ec775fc857e6c01643f9",
        "version" : "1.4.1"
      }
    },
    {
      "identity" : "videokit-ios",
      "kind" : "remoteSourceControl",
      "location" : "git@git.ouryahoo.com:MobileCommon/videokit-ios.git",
      "state" : {
        "revision" : "c1633aef846c5ec78379e003c76210bc95cc9dd5",
        "version" : "2.11.0"
      }
    },
    {
      "identity" : "vsdk-ios",
      "kind" : "remoteSourceControl",
      "location" : "git@git.ouryahoo.com:mobile-video/vsdk-ios.git",
      "state" : {
        "revision" : "2f39a1512e39b1d02f5115d785a8d2dee7863495",
        "version" : "7.12.2"
      }
    },
    {
      "identity" : "yahoobrowserkit",
      "kind" : "remoteSourceControl",
      "location" : "git@git.ouryahoo.com:ymobilelibs/YahooBrowserKit.git",
      "state" : {
        "revision" : "937f619d98a5f0d1663173170800846e3348a888",
        "version" : "1.2.0"
      }
    },
    {
      "identity" : "yappmanagement_ios",
      "kind" : "remoteSourceControl",
      "location" : "git@git.ouryahoo.com:ymobilelibs/yappmanagement_ios.git",
      "state" : {
        "branch" : "master",
        "revision" : "a1a0bbb4c89bfbf74ae621bc8e08e3494a93cdce"
      }
    },
    {
      "identity" : "ycrashmanager_ios",
      "kind" : "remoteSourceControl",
      "location" : "git@git.ouryahoo.com:ymobilelibs/YCrashManager_iOS.git",
      "state" : {
        "revision" : "4c1958e752ae444a1220da23e4d358c89108da91",
        "version" : "4.7.3"
      }
    },
    {
      "identity" : "yfinancedata",
      "kind" : "remoteSourceControl",
      "location" : "git@git.ouryahoo.com:YahooFinanceMobile/YFinanceData.git",
      "state" : {
        "branch" : "main",
        "revision" : "1305a0098b1479b255d832288ca4d1ac533fb513"
      }
    },
    {
      "identity" : "yflurrysdk-swiftpm",
      "kind" : "remoteSourceControl",
      "location" : "git@git.ouryahoo.com:ymobilelibs/YFlurrySDK-SwiftPM.git",
      "state" : {
        "revision" : "ae72c00fe6842ec9170917d5447b6defe70eb995",
        "version" : "11.4.2"
      }
    },
    {
      "identity" : "yi13n_ios",
      "kind" : "remoteSourceControl",
      "location" : "git@git.ouryahoo.com:i13n/YI13N_ios.git",
      "state" : {
        "revision" : "152ece7b37009c6cc5612230363d82084737af99",
        "version" : "5.13.4"
      }
    },
    {
      "identity" : "ylog",
      "kind" : "remoteSourceControl",
      "location" : "git@git.ouryahoo.com:ymobilelibs/YLog.git",
      "state" : {
        "revision" : "d37b53e2b78628631cc9539058691c30d98b48d3",
        "version" : "0.3.2"
      }
    },
    {
      "identity" : "ymad_useragent",
      "kind" : "remoteSourceControl",
      "location" : "git@git.ouryahoo.com:ymobilelibs/ymad_useragent.git",
      "state" : {
        "revision" : "7806281cd54e9c381dccb091d568feac9f06afee",
        "version" : "1.1.0"
      }
    },
    {
      "identity" : "ymcache",
      "kind" : "remoteSourceControl",
      "location" : "https://github.com/yahoo/YMCache.git",
      "state" : {
        "revision" : "2bc993d5011e09e12e29d9f8ca4da319ed2cd621",
        "version" : "2.2.0"
      }
    },
    {
      "identity" : "yoparallaxview",
      "kind" : "remoteSourceControl",
      "location" : "git@git.ouryahoo.com:ymobilelibs/YOParallaxView.git",
      "state" : {
        "revision" : "d476ebf44eaa700b89617e9c62ebe319eeb125d0",
        "version" : "1.1.0"
      }
    },
    {
      "identity" : "yowebstringhelpers",
      "kind" : "remoteSourceControl",
      "location" : "git@git.ouryahoo.com:ymobilelibs/YOWebStringHelpers.git",
      "state" : {
        "revision" : "c221ba9c63020fccf84e43820ff9117b5ce6da55",
        "version" : "0.2.0"
      }
    },
    {
      "identity" : "ywebviewjavascriptbridge",
      "kind" : "remoteSourceControl",
      "location" : "git@git.ouryahoo.com:MobileCommon/YWebViewJavascriptBridge.git",
      "state" : {
        "revision" : "72d3e85779d5f89d2ad6f8efe67f5d0907f49c85",
        "version" : "7.1.0"
      }
    }
  ],
  "version" : 2
}
