{
  "pins" : [
    {
      "identity" : "acedrawingview",
      "kind" : "remoteSourceControl",
      "location" : "https://github.com/acerbetti/ACEDrawingView.git",
      "state" : {
        "revision" : "47f3bce4a4d0756ed833f57ec093281369ad3bff",
        "version" : "2.5.0"
      }
    },
    {
      "identity" : "appauth-ios",
      "kind" : "remoteSourceControl",
      "location" : "https://github.com/openid/AppAuth-iOS.git",
      "state" : {
        "revision" : "3d36a58a2b736f7bc499453e996a704929b25080",
        "version" : "1.6.0"
      }
    },
    {
      "identity" : "bemcheckbox",
      "kind" : "remoteSourceControl",
      "location" : "https://github.com/Boris-Em/BEMCheckBox.git",
      "state" : {
        "revision" : "a3292ebae9f0c2737b0c90281219dced2ce51ac8"
      }
    }
  ],
  "version" : 2
}
